
Microsoft Visual Studio Solution File, Format Version 12.00
# Visual Studio Version 17
VisualStudioVersion = 17.6.33829.357
MinimumVisualStudioVersion = 10.0.40219.1
Project("{FAE04EC0-301F-11D3-BF4B-00C04F79EFBC}") = "Housing Affordability App", "Housing Affordability App\Housing Affordability App.csproj", "{BD2F02D5-E580-4ED6-8915-CC000A0285F1}"
EndProject
Global
	GlobalSection(SolutionConfigurationPlatforms) = preSolution
		Debug|Any CPU = Debug|Any CPU
		Release|Any CPU = Release|Any CPU
	EndGlobalSection
	GlobalSection(ProjectConfigurationPlatforms) = postSolution
		{BD2F02D5-E580-4ED6-8915-CC000A0285F1}.Debug|Any CPU.ActiveCfg = Debug|Any CPU
		{BD2F02D5-E580-4ED6-8915-CC000A0285F1}.Debug|Any CPU.Build.0 = Debug|Any CPU
		{BD2F02D5-E580-4ED6-8915-CC000A0285F1}.Release|Any CPU.ActiveCfg = Release|Any CPU
		{BD2F02D5-E580-4ED6-8915-CC000A0285F1}.Release|Any CPU.Build.0 = Release|Any CPU
	EndGlobalSection
	GlobalSection(SolutionProperties) = preSolution
		HideSolutionNode = FALSE
	EndGlobalSection
	GlobalSection(ExtensibilityGlobals) = postSolution
		SolutionGuid = {F312DF7D-A1A0-482C-90AA-007E86CDF54D}
	EndGlobalSection
EndGlobal
